"@cspotcode/source-map-support@^0.8.0":
  version "0.8.1"
  resolved "https://registry.yarnpkg.com/@cspotcode/source-map-support/-/source-map-support-0.8.1.tgz#00629c35a688e05a88b1cda684fb9d5e73f000a1"
 integrity sha512-IchNf6dN4tHoMFIn/7OE8LWZ19Y6q/67Bmf6vnGREv8RSbBVb9LPJxEcnwrcwX6ixSvaiGoomAUvu4YSxXrVgw==
  dependencies:
   "@jridgewell/trace-mapping" "0.3.9"
    "@jridgewell/trace-mapping" "0.3.9"

"@ethereumjs/block@^3.5.0", "@ethereumjs/block@^3.6.2", "@ethereumjs/block@^3.6.3":
  version "3.6.3"
  resolved "https://registry.yarnpkg.com/@ethereumjs/block/-/block-3.6.3.tgz#d96cbd7af38b92ebb3424223dbf773f5ccd27f84"
 integrity sha512-CegDeryc2DVKnDkg5COQrE0bJfw/p0v3GBk2W5/Dj5dOVfEmb50Ux0GLnSPypooLnfqjwFaorGuT9FokWB3GRg==
  dependencies:
 "@jridgewell/trace-mapping" "0.3.9"

"@ethereumjs/block@^3.5.0", "@ethereumjs/block@^3.6.2", "@ethereumjs/block@^3.6.3":
  version "3.6.3"
  resolved "https://registry.yarnpkg.com/@ethereumjs/block/-/block-3.6.3.tgz#d96cbd7af38b92ebb3424223dbf773f5ccd27f84"
  integrity sha512-CegDeryc2DVKnDkg5COQrE0bJfw/p0v3GBk2W5/Dj5dOVfEmb50Ux0GLnSPypooLnfqjwFaorGuT9FokWB3GRg==
  dependencies:
 "@ethereumjs/common" "^2.6.5"
 "@ethereumjs/tx" "^3.5.2"
    ethereumjs-util "^7.1.5"
    merkle-patricia-tree "^4.2.4"

"@ethereumjs/blockchain@^5.5.2", "@ethereumjs/blockchain@^5.5.3":
